{
    "_readme": [
        "This file locks the dependencies of your project to a known state",
        "Read more about it at https://getcomposer.org/doc/01-basic-usage.md#installing-dependencies",
        "This file is @generated automatically"
    ],
    "content-hash": "a12e157a160dad0064ebc76cb71279a3",
    "packages": [
        {
            "name": "chrono-meter/wp-declarative-hook",
            "version": "1.0.1",
            "source": {
                "type": "git",
                "url": "https://github.com/chrono-meter/wp-declarative-hook.git",
                "reference": "7bbc346c01c94228e175632c380157de801a6c38"
            },
            "dist": {
                "type": "zip",
                "url": "https://api.github.com/repos/chrono-meter/wp-declarative-hook/zipball/7bbc346c01c94228e175632c380157de801a6c38",
                "reference": "7bbc346c01c94228e175632c380157de801a6c38",
                "shasum": ""
            },
            "type": "library",
            "autoload": {
                "psr-4": {
                    "ChronoMeter\\WpDeclarativeHook\\": "src/"
                }
            },
            "notification-url": "https://packagist.org/downloads/",
            "license": [
                "MIT"
            ],
            "authors": [
                {
                    "name": "chrono-meter",
                    "email": "chrono-meter@gmx.net"
                }
            ],
            "description": "Helper functions for WordPress filters and actions.",
            "support": {
                "issues": "https://github.com/chrono-meter/wp-declarative-hook/issues",
                "source": "https://github.com/chrono-meter/wp-declarative-hook/tree/v1.0.1"
            },
            "time": "2026-05-08T00:17:40+00:00"
        },
        {
            "name": "galbar/jsonpath",
            "version": "3.0",
            "source": {
                "type": "git",
                "url": "https://github.com/Galbar/JsonPath-PHP.git",
                "reference": "61bfdd51729ac95413aaf64112b93b6fb3dbd786"
            },
            "dist": {
                "type": "zip",
                "url": "https://api.github.com/repos/Galbar/JsonPath-PHP/zipball/61bfdd51729ac95413aaf64112b93b6fb3dbd786",
                "reference": "61bfdd51729ac95413aaf64112b93b6fb3dbd786",
                "shasum": ""
            },
            "require": {
                "php": ">=5.4"
            },
            "require-dev": {
                "phpunit/phpunit": "~4.0",
                "sami/sami": ">=3.3.0",
                "satooshi/php-coveralls": ">=1.0.1"
            },
            "type": "library",
            "autoload": {
                "psr-4": {
                    "JsonPath\\": "src/Galbar/JsonPath",
                    "Utilities\\": "src/Galbar/Utilities"
                }
            },
            "notification-url": "https://packagist.org/downloads/",
            "license": [
                "Apache-2.0"
            ],
            "authors": [
                {
                    "name": "Alessio Linares",
                    "email": "alessio@alessio.cc"
                }
            ],
            "description": "JSONPath implementation for querying and updating JSON objects",
            "keywords": [
                "json",
                "jsonpath",
                "path"
            ],
            "support": {
                "issues": "https://github.com/Galbar/JsonPath-PHP/issues",
                "source": "https://github.com/Galbar/JsonPath-PHP/tree/3.0"
            },
            "time": "2023-03-05T19:47:06+00:00"
        },
        {
            "name": "phplang/scope-exit",
            "version": "1.0.0",
            "source": {
                "type": "git",
                "url": "https://github.com/phplang/scope-exit.git",
                "reference": "239b73abe89f9414aa85a7ca075ec9445629192b"
            },
            "dist": {
                "type": "zip",
                "url": "https://api.github.com/repos/phplang/scope-exit/zipball/239b73abe89f9414aa85a7ca075ec9445629192b",
                "reference": "239b73abe89f9414aa85a7ca075ec9445629192b",
                "shasum": ""
            },
            "require-dev": {
                "phpunit/phpunit": "*"
            },
            "type": "library",
            "autoload": {
                "psr-4": {
                    "PhpLang\\": "src/"
                }
            },
            "notification-url": "https://packagist.org/downloads/",
            "license": [
                "BSD"
            ],
            "authors": [
                {
                    "name": "Sara Golemon",
                    "email": "pollita@php.net",
                    "homepage": "https://twitter.com/SaraMG",
                    "role": "Developer"
                }
            ],
            "description": "Emulation of SCOPE_EXIT construct from C++",
            "homepage": "https://github.com/phplang/scope-exit",
            "keywords": [
                "cleanup",
                "exit",
                "scope"
            ],
            "support": {
                "issues": "https://github.com/phplang/scope-exit/issues",
                "source": "https://github.com/phplang/scope-exit/tree/master"
            },
            "time": "2016-09-17T00:15:18+00:00"
        },
        {
            "name": "swaggest/json-diff",
            "version": "v3.12.1",
            "source": {
                "type": "git",
                "url": "https://github.com/swaggest/json-diff.git",
                "reference": "7ebc4eab95bcc73916433964c266588d09b35052"
            },
            "dist": {
                "type": "zip",
                "url": "https://api.github.com/repos/swaggest/json-diff/zipball/7ebc4eab95bcc73916433964c266588d09b35052",
                "reference": "7ebc4eab95bcc73916433964c266588d09b35052",
                "shasum": ""
            },
            "require": {
                "ext-json": "*",
                "php": ">=7.1"
            },
            "require-dev": {
                "phperf/phpunit": "4.8.37"
            },
            "type": "library",
            "autoload": {
                "psr-4": {
                    "Swaggest\\JsonDiff\\": "src/"
                }
            },
            "notification-url": "https://packagist.org/downloads/",
            "license": [
                "MIT"
            ],
            "authors": [
                {
                    "name": "Viacheslav Poturaev",
                    "email": "vearutop@gmail.com"
                }
            ],
            "description": "JSON diff/rearrange/patch/pointer library for PHP",
            "support": {
                "issues": "https://github.com/swaggest/json-diff/issues",
                "source": "https://github.com/swaggest/json-diff/tree/v3.12.1"
            },
            "time": "2025-03-10T08:22:10+00:00"
        },
        {
            "name": "swaggest/json-schema",
            "version": "v0.12.43",
            "source": {
                "type": "git",
                "url": "https://github.com/swaggest/php-json-schema.git",
                "reference": "1f3a77a382c5d273a0f1fe34be3b8af4060a88cd"
            },
            "dist": {
                "type": "zip",
                "url": "https://api.github.com/repos/swaggest/php-json-schema/zipball/1f3a77a382c5d273a0f1fe34be3b8af4060a88cd",
                "reference": "1f3a77a382c5d273a0f1fe34be3b8af4060a88cd",
                "shasum": ""
            },
            "require": {
                "ext-json": "*",
                "php": ">=7.1",
                "phplang/scope-exit": "^1.0",
                "swaggest/json-diff": "^3.8.2",
                "symfony/polyfill-mbstring": "^1.19"
            },
            "require-dev": {
                "phperf/phpunit": "4.8.37"
            },
            "suggest": {
                "ext-mbstring": "For better performance"
            },
            "type": "library",
            "autoload": {
                "psr-4": {
                    "Swaggest\\JsonSchema\\": "src/"
                }
            },
            "notification-url": "https://packagist.org/downloads/",
            "license": [
                "MIT"
            ],
            "authors": [
                {
                    "name": "Viacheslav Poturaev",
                    "email": "vearutop@gmail.com"
                }
            ],
            "description": "High definition PHP structures with JSON-schema based validation",
            "support": {
                "email": "vearutop@gmail.com",
                "issues": "https://github.com/swaggest/php-json-schema/issues",
                "source": "https://github.com/swaggest/php-json-schema/tree/v0.12.43"
            },
            "time": "2024-12-22T21:18:27+00:00"
        },
        {
            "name": "symfony/deprecation-contracts",
            "version": "v3.7.0",
            "source": {
                "type": "git",
                "url": "https://github.com/symfony/deprecation-contracts.git",
                "reference": "50f59d1f3ca46d41ac911f97a78626b6756af35b"
            },
            "dist": {
                "type": "zip",
                "url": "https://api.github.com/repos/symfony/deprecation-contracts/zipball/50f59d1f3ca46d41ac911f97a78626b6756af35b",
                "reference": "50f59d1f3ca46d41ac911f97a78626b6756af35b",
                "shasum": ""
            },
            "require": {
                "php": ">=8.1"
            },
            "type": "library",
            "extra": {
                "thanks": {
                    "url": "https://github.com/symfony/contracts",
                    "name": "symfony/contracts"
                },
                "branch-alias": {
                    "dev-main": "3.7-dev"
                }
            },
            "autoload": {
                "files": [
                    "function.php"
                ]
            },
            "notification-url": "https://packagist.org/downloads/",
            "license": [
                "MIT"
            ],
            "authors": [
                {
                    "name": "Nicolas Grekas",
                    "email": "p@tchwork.com"
                },
                {
                    "name": "Symfony Community",
                    "homepage": "https://symfony.com/contributors"
                }
            ],
            "description": "A generic function and convention to trigger deprecation notices",
            "homepage": "https://symfony.com",
            "support": {
                "source": "https://github.com/symfony/deprecation-contracts/tree/v3.7.0"
            },
            "funding": [
                {
                    "url": "https://symfony.com/sponsor",
                    "type": "custom"
                },
                {
                    "url": "https://github.com/fabpot",
                    "type": "github"
                },
                {
                    "url": "https://github.com/nicolas-grekas",
                    "type": "github"
                },
                {
                    "url": "https://tidelift.com/funding/github/packagist/symfony/symfony",
                    "type": "tidelift"
                }
            ],
            "time": "2026-04-13T15:52:40+00:00"
        },
        {
            "name": "symfony/polyfill-ctype",
            "version": "v1.37.0",
            "source": {
                "type": "git",
                "url": "https://github.com/symfony/polyfill-ctype.git",
                "reference": "141046a8f9477948ff284fa65be2095baafb94f2"
            },
            "dist": {
                "type": "zip",
                "url": "https://api.github.com/repos/symfony/polyfill-ctype/zipball/141046a8f9477948ff284fa65be2095baafb94f2",
                "reference": "141046a8f9477948ff284fa65be2095baafb94f2",
                "shasum": ""
            },
            "require": {
                "php": ">=7.2"
            },
            "provide": {
                "ext-ctype": "*"
            },
            "suggest": {
                "ext-ctype": "For best performance"
            },
            "type": "library",
            "extra": {
                "thanks": {
                    "url": "https://github.com/symfony/polyfill",
                    "name": "symfony/polyfill"
                }
            },
            "autoload": {
                "files": [
                    "bootstrap.php"
                ],
                "psr-4": {
                    "Symfony\\Polyfill\\Ctype\\": ""
                }
            },
            "notification-url": "https://packagist.org/downloads/",
            "license": [
                "MIT"
            ],
            "authors": [
                {
                    "name": "Gert de Pagter",
                    "email": "BackEndTea@gmail.com"
                },
                {
                    "name": "Symfony Community",
                    "homepage": "https://symfony.com/contributors"
                }
            ],
            "description": "Symfony polyfill for ctype functions",
            "homepage": "https://symfony.com",
            "keywords": [
                "compatibility",
                "ctype",
                "polyfill",
                "portable"
            ],
            "support": {
                "source": "https://github.com/symfony/polyfill-ctype/tree/v1.37.0"
            },
            "funding": [
                {
                    "url": "https://symfony.com/sponsor",
                    "type": "custom"
                },
                {
                    "url": "https://github.com/fabpot",
                    "type": "github"
                },
                {
                    "url": "https://github.com/nicolas-grekas",
                    "type": "github"
                },
                {
                    "url": "https://tidelift.com/funding/github/packagist/symfony/symfony",
                    "type": "tidelift"
                }
            ],
            "time": "2026-04-10T16:19:22+00:00"
        },
        {
            "name": "symfony/polyfill-mbstring",
            "version": "v1.37.0",
            "source": {
                "type": "git",
                "url": "https://github.com/symfony/polyfill-mbstring.git",
                "reference": "6a21eb99c6973357967f6ce3708cd55a6bec6315"
            },
            "dist": {
                "type": "zip",
                "url": "https://api.github.com/repos/symfony/polyfill-mbstring/zipball/6a21eb99c6973357967f6ce3708cd55a6bec6315",
                "reference": "6a21eb99c6973357967f6ce3708cd55a6bec6315",
                "shasum": ""
            },
            "require": {
                "ext-iconv": "*",
                "php": ">=7.2"
            },
            "provide": {
                "ext-mbstring": "*"
            },
            "suggest": {
                "ext-mbstring": "For best performance"
            },
            "type": "library",
            "extra": {
                "thanks": {
                    "url": "https://github.com/symfony/polyfill",
                    "name": "symfony/polyfill"
                }
            },
            "autoload": {
                "files": [
                    "bootstrap.php"
                ],
                "psr-4": {
                    "Symfony\\Polyfill\\Mbstring\\": ""
                }
            },
            "notification-url": "https://packagist.org/downloads/",
            "license": [
                "MIT"
            ],
            "authors": [
                {
                    "name": "Nicolas Grekas",
                    "email": "p@tchwork.com"
                },
                {
                    "name": "Symfony Community",
                    "homepage": "https://symfony.com/contributors"
                }
            ],
            "description": "Symfony polyfill for the Mbstring extension",
            "homepage": "https://symfony.com",
            "keywords": [
                "compatibility",
                "mbstring",
                "polyfill",
                "portable",
                "shim"
            ],
            "support": {
                "source": "https://github.com/symfony/polyfill-mbstring/tree/v1.37.0"
            },
            "funding": [
                {
                    "url": "https://symfony.com/sponsor",
                    "type": "custom"
                },
                {
                    "url": "https://github.com/fabpot",
                    "type": "github"
                },
                {
                    "url": "https://github.com/nicolas-grekas",
                    "type": "github"
                },
                {
                    "url": "https://tidelift.com/funding/github/packagist/symfony/symfony",
                    "type": "tidelift"
                }
            ],
            "time": "2026-04-10T17:25:58+00:00"
        },
        {
            "name": "symfony/yaml",
            "version": "v6.4.38",
            "source": {
                "type": "git",
                "url": "https://github.com/symfony/yaml.git",
                "reference": "f8d2f4af29053842c01b4cae6bd4c2c3191fc63c"
            },
            "dist": {
                "type": "zip",
                "url": "https://api.github.com/repos/symfony/yaml/zipball/f8d2f4af29053842c01b4cae6bd4c2c3191fc63c",
                "reference": "f8d2f4af29053842c01b4cae6bd4c2c3191fc63c",
                "shasum": ""
            },
            "require": {
                "php": ">=8.1",
                "symfony/deprecation-contracts": "^2.5|^3",
                "symfony/polyfill-ctype": "^1.8"
            },
            "conflict": {
                "symfony/console": "<5.4"
            },
            "require-dev": {
                "symfony/console": "^5.4|^6.0|^7.0"
            },
            "bin": [
                "Resources/bin/yaml-lint"
            ],
            "type": "library",
            "autoload": {
                "psr-4": {
                    "Symfony\\Component\\Yaml\\": ""
                },
                "exclude-from-classmap": [
                    "/Tests/"
                ]
            },
            "notification-url": "https://packagist.org/downloads/",
            "license": [
                "MIT"
            ],
            "authors": [
                {
                    "name": "Fabien Potencier",
                    "email": "fabien@symfony.com"
                },
                {
                    "name": "Symfony Community",
                    "homepage": "https://symfony.com/contributors"
                }
            ],
            "description": "Loads and dumps YAML files",
            "homepage": "https://symfony.com",
            "support": {
                "source": "https://github.com/symfony/yaml/tree/v6.4.38"
            },
            "funding": [
                {
                    "url": "https://symfony.com/sponsor",
                    "type": "custom"
                },
                {
                    "url": "https://github.com/fabpot",
                    "type": "github"
                },
                {
                    "url": "https://github.com/nicolas-grekas",
                    "type": "github"
                },
                {
                    "url": "https://tidelift.com/funding/github/packagist/symfony/symfony",
                    "type": "tidelift"
                }
            ],
            "time": "2026-05-05T06:55:40+00:00"
        }
    ],
    "packages-dev": [
        {
            "name": "chrono-meter/composer-plugin-for-wp",
            "version": "1.1.2",
            "source": {
                "type": "git",
                "url": "https://github.com/chrono-meter/composer-plugin-for-wp.git",
                "reference": "0ed830778d7b684f3d6c531cef7d11edf17ead4d"
            },
            "dist": {
                "type": "zip",
                "url": "https://api.github.com/repos/chrono-meter/composer-plugin-for-wp/zipball/0ed830778d7b684f3d6c531cef7d11edf17ead4d",
                "reference": "0ed830778d7b684f3d6c531cef7d11edf17ead4d",
                "shasum": ""
            },
            "require": {
                "composer-plugin-api": "^2.0",
                "php": "^8.2",
                "symfony/filesystem": "^8.0"
            },
            "require-dev": {
                "composer/composer": "^2.0"
            },
            "type": "composer-plugin",
            "extra": {
                "class": "ChronoMeter\\ComposerPluginForWp\\Plugin"
            },
            "autoload": {
                "psr-4": {
                    "ChronoMeter\\ComposerPluginForWp\\": "src/"
                }
            },
            "notification-url": "https://packagist.org/downloads/",
            "license": [
                "MIT"
            ],
            "authors": [
                {
                    "name": "chrono-meter",
                    "email": "chrono-meter@gmx.net"
                }
            ],
            "description": "Composer plugin for WordPress plugins and themes.",
            "support": {
                "issues": "https://github.com/chrono-meter/composer-plugin-for-wp/issues",
                "source": "https://github.com/chrono-meter/composer-plugin-for-wp/tree/v1.1.2"
            },
            "time": "2026-05-06T13:54:18+00:00"
        },
        {
            "name": "symfony/filesystem",
            "version": "v8.0.9",
            "source": {
                "type": "git",
                "url": "https://github.com/symfony/filesystem.git",
                "reference": "d1ec4543d5c6c2dac78503c2fae5ea0b3608ce40"
            },
            "dist": {
                "type": "zip",
                "url": "https://api.github.com/repos/symfony/filesystem/zipball/d1ec4543d5c6c2dac78503c2fae5ea0b3608ce40",
                "reference": "d1ec4543d5c6c2dac78503c2fae5ea0b3608ce40",
                "shasum": ""
            },
            "require": {
                "php": ">=8.4",
                "symfony/polyfill-ctype": "~1.8",
                "symfony/polyfill-mbstring": "~1.8"
            },
            "require-dev": {
                "symfony/process": "^7.4|^8.0"
            },
            "type": "library",
            "autoload": {
                "psr-4": {
                    "Symfony\\Component\\Filesystem\\": ""
                },
                "exclude-from-classmap": [
                    "/Tests/"
                ]
            },
            "notification-url": "https://packagist.org/downloads/",
            "license": [
                "MIT"
            ],
            "authors": [
                {
                    "name": "Fabien Potencier",
                    "email": "fabien@symfony.com"
                },
                {
                    "name": "Symfony Community",
                    "homepage": "https://symfony.com/contributors"
                }
            ],
            "description": "Provides basic utilities for the filesystem",
            "homepage": "https://symfony.com",
            "support": {
                "source": "https://github.com/symfony/filesystem/tree/v8.0.9"
            },
            "funding": [
                {
                    "url": "https://symfony.com/sponsor",
                    "type": "custom"
                },
                {
                    "url": "https://github.com/fabpot",
                    "type": "github"
                },
                {
                    "url": "https://github.com/nicolas-grekas",
                    "type": "github"
                },
                {
                    "url": "https://tidelift.com/funding/github/packagist/symfony/symfony",
                    "type": "tidelift"
                }
            ],
            "time": "2026-04-18T13:51:42+00:00"
        }
    ],
    "aliases": [],
    "minimum-stability": "stable",
    "stability-flags": {},
    "prefer-stable": false,
    "prefer-lowest": false,
    "platform": {},
    "platform-dev": {},
    "plugin-api-version": "2.9.0"
}
